
Microsoft Visual Studio Solution File, Format Version 12.00
# Visual Studio Version 16
VisualStudioVersion = 16.0.28803.452
MinimumVisualStudioVersion = 10.0.40219.1
Project("{FAE04EC0-301F-11D3-BF4B-00C04F79EFBC}") = "mysql.ms", "mysql.ms\mysql.ms.csproj", "{2FAE17CB-75E7-4EC3-89B2-384D1B214176}"
EndProject
Global
	GlobalSection(SolutionConfigurationPlatforms) = preSolution
		Debug|Any CPU = Debug|Any CPU
		Release|Any CPU = Release|Any CPU
	EndGlobalSection
	GlobalSection(ProjectConfigurationPlatforms) = postSolution
		{2FAE17CB-75E7-4EC3-89B2-384D1B214176}.Debug|Any CPU.ActiveCfg = Debug|Any CPU
		{2FAE17CB-75E7-4EC3-89B2-384D1B214176}.Debug|Any CPU.Build.0 = Debug|Any CPU
		{2FAE17CB-75E7-4EC3-89B2-384D1B214176}.Release|Any CPU.ActiveCfg = Release|Any CPU
		{2FAE17CB-75E7-4EC3-89B2-384D1B214176}.Release|Any CPU.Build.0 = Release|Any CPU
	EndGlobalSection
	GlobalSection(SolutionProperties) = preSolution
		HideSolutionNode = FALSE
	EndGlobalSection
	GlobalSection(ExtensibilityGlobals) = postSolution
		SolutionGuid = {C735D869-EC73-44E1-9874-78D11BC1AE2C}
	EndGlobalSection
EndGlobal
